
Microsoft Visual Studio Solution File, Format Version 12.00
# Visual Studio 15
VisualStudioVersion = 15.0.26124.0
MinimumVisualStudioVersion = 15.0.26124.0
Project("{FAE04EC0-301F-11D3-BF4B-00C04F79EFBC}") = "GameTop", "GameTop\GameTop.csproj", "{33435836-87EA-4CA9-BDFF-4EB2F039D8D7}"
EndProject
Project("{FAE04EC0-301F-11D3-BF4B-00C04F79EFBC}") = "GameTop.Lib", "GameTop.Lib\GameTop.Lib.csproj", "{D303A847-9EC4-4337-8C13-BDB6E7C44E28}"
EndProject
Project("{FAE04EC0-301F-11D3-BF4B-00C04F79EFBC}") = "GameTop.Interface", "GameTop.Interface\GameTop.Interface.csproj", "{C51D72FD-7769-4787-AA93-127684DF9373}"
EndProject
Global
	GlobalSection(SolutionConfigurationPlatforms) = preSolution
		Debug|Any CPU = Debug|Any CPU
		Debug|x64 = Debug|x64
		Debug|x86 = Debug|x86
		Release|Any CPU = Release|Any CPU
		Release|x64 = Release|x64
		Release|x86 = Release|x86
	EndGlobalSection
	GlobalSection(SolutionProperties) = preSolution
		HideSolutionNode = FALSE
	EndGlobalSection
	GlobalSection(ProjectConfigurationPlatforms) = postSolution
		{33435836-87EA-4CA9-BDFF-4EB2F039D8D7}.Debug|Any CPU.ActiveCfg = Debug|Any CPU
		{33435836-87EA-4CA9-BDFF-4EB2F039D8D7}.Debug|Any CPU.Build.0 = Debug|Any CPU
		{33435836-87EA-4CA9-BDFF-4EB2F039D8D7}.Debug|x64.ActiveCfg = Debug|Any CPU
		{33435836-87EA-4CA9-BDFF-4EB2F039D8D7}.Debug|x64.Build.0 = Debug|Any CPU
		{33435836-87EA-4CA9-BDFF-4EB2F039D8D7}.Debug|x86.ActiveCfg = Debug|Any CPU
		{33435836-87EA-4CA9-BDFF-4EB2F039D8D7}.Debug|x86.Build.0 = Debug|Any CPU
		{33435836-87EA-4CA9-BDFF-4EB2F039D8D7}.Release|Any CPU.ActiveCfg = Release|Any CPU
		{33435836-87EA-4CA9-BDFF-4EB2F039D8D7}.Release|Any CPU.Build.0 = Release|Any CPU
		{33435836-87EA-4CA9-BDFF-4EB2F039D8D7}.Release|x64.ActiveCfg = Release|Any CPU
		{33435836-87EA-4CA9-BDFF-4EB2F039D8D7}.Release|x64.Build.0 = Release|Any CPU
		{33435836-87EA-4CA9-BDFF-4EB2F039D8D7}.Release|x86.ActiveCfg = Release|Any CPU
		{33435836-87EA-4CA9-BDFF-4EB2F039D8D7}.Release|x86.Build.0 = Release|Any CPU
		{D303A847-9EC4-4337-8C13-BDB6E7C44E28}.Debug|Any CPU.ActiveCfg = Debug|Any CPU
		{D303A847-9EC4-4337-8C13-BDB6E7C44E28}.Debug|Any CPU.Build.0 = Debug|Any CPU
		{D303A847-9EC4-4337-8C13-BDB6E7C44E28}.Debug|x64.ActiveCfg = Debug|Any CPU
		{D303A847-9EC4-4337-8C13-BDB6E7C44E28}.Debug|x64.Build.0 = Debug|Any CPU
		{D303A847-9EC4-4337-8C13-BDB6E7C44E28}.Debug|x86.ActiveCfg = Debug|Any CPU
		{D303A847-9EC4-4337-8C13-BDB6E7C44E28}.Debug|x86.Build.0 = Debug|Any CPU
		{D303A847-9EC4-4337-8C13-BDB6E7C44E28}.Release|Any CPU.ActiveCfg = Release|Any CPU
		{D303A847-9EC4-4337-8C13-BDB6E7C44E28}.Release|Any CPU.Build.0 = Release|Any CPU
		{D303A847-9EC4-4337-8C13-BDB6E7C44E28}.Release|x64.ActiveCfg = Release|Any CPU
		{D303A847-9EC4-4337-8C13-BDB6E7C44E28}.Release|x64.Build.0 = Release|Any CPU
		{D303A847-9EC4-4337-8C13-BDB6E7C44E28}.Release|x86.ActiveCfg = Release|Any CPU
		{D303A847-9EC4-4337-8C13-BDB6E7C44E28}.Release|x86.Build.0 = Release|Any CPU
		{C51D72FD-7769-4787-AA93-127684DF9373}.Debug|Any CPU.ActiveCfg = Debug|Any CPU
		{C51D72FD-7769-4787-AA93-127684DF9373}.Debug|Any CPU.Build.0 = Debug|Any CPU
		{C51D72FD-7769-4787-AA93-127684DF9373}.Debug|x64.ActiveCfg = Debug|Any CPU
		{C51D72FD-7769-4787-AA93-127684DF9373}.Debug|x64.Build.0 = Debug|Any CPU
		{C51D72FD-7769-4787-AA93-127684DF9373}.Debug|x86.ActiveCfg = Debug|Any CPU
		{C51D72FD-7769-4787-AA93-127684DF9373}.Debug|x86.Build.0 = Debug|Any CPU
		{C51D72FD-7769-4787-AA93-127684DF9373}.Release|Any CPU.ActiveCfg = Release|Any CPU
		{C51D72FD-7769-4787-AA93-127684DF9373}.Release|Any CPU.Build.0 = Release|Any CPU
		{C51D72FD-7769-4787-AA93-127684DF9373}.Release|x64.ActiveCfg = Release|Any CPU
		{C51D72FD-7769-4787-AA93-127684DF9373}.Release|x64.Build.0 = Release|Any CPU
		{C51D72FD-7769-4787-AA93-127684DF9373}.Release|x86.ActiveCfg = Release|Any CPU
		{C51D72FD-7769-4787-AA93-127684DF9373}.Release|x86.Build.0 = Release|Any CPU
	EndGlobalSection
EndGlobal
